
Microsoft Visual Studio Solution File, Format Version 12.00
# Visual Studio Version 17
VisualStudioVersion = 17.11.35312.102
MinimumVisualStudioVersion = 10.0.40219.1
Project("{FAE04EC0-301F-11D3-BF4B-00C04F79EFBC}") = "A9", "A9\A9.csproj", "{262BC89B-A89C-4ED3-BFB1-22D3117A3C76}"
EndProject
Global
	GlobalSection(SolutionConfigurationPlatforms) = preSolution
		Debug|Any CPU = Debug|Any CPU
		Release|Any CPU = Release|Any CPU
	EndGlobalSection
	GlobalSection(ProjectConfigurationPlatforms) = postSolution
		{262BC89B-A89C-4ED3-BFB1-22D3117A3C76}.Debug|Any CPU.ActiveCfg = Debug|Any CPU
		{262BC89B-A89C-4ED3-BFB1-22D3117A3C76}.Debug|Any CPU.Build.0 = Debug|Any CPU
		{262BC89B-A89C-4ED3-BFB1-22D3117A3C76}.Release|Any CPU.ActiveCfg = Release|Any CPU
		{262BC89B-A89C-4ED3-BFB1-22D3117A3C76}.Release|Any CPU.Build.0 = Release|Any CPU
	EndGlobalSection
	GlobalSection(SolutionProperties) = preSolution
		HideSolutionNode = FALSE
	EndGlobalSection
	GlobalSection(ExtensibilityGlobals) = postSolution
		SolutionGuid = {1CCCAEDB-D75A-43C3-9995-FAD94A842934}
	EndGlobalSection
EndGlobal
