
Microsoft Visual Studio Solution File, Format Version 12.00
# Visual Studio Version 17
VisualStudioVersion = 17.11.35312.102
MinimumVisualStudioVersion = 10.0.40219.1
Project("{FAE04EC0-301F-11D3-BF4B-00C04F79EFBC}") = "A8", "A8\A8.csproj", "{321C2F02-C8A9-46AF-944F-90D5DB1A2A58}"
EndProject
Global
	GlobalSection(SolutionConfigurationPlatforms) = preSolution
		Debug|Any CPU = Debug|Any CPU
		Release|Any CPU = Release|Any CPU
	EndGlobalSection
	GlobalSection(ProjectConfigurationPlatforms) = postSolution
		{321C2F02-C8A9-46AF-944F-90D5DB1A2A58}.Debug|Any CPU.ActiveCfg = Debug|Any CPU
		{321C2F02-C8A9-46AF-944F-90D5DB1A2A58}.Debug|Any CPU.Build.0 = Debug|Any CPU
		{321C2F02-C8A9-46AF-944F-90D5DB1A2A58}.Release|Any CPU.ActiveCfg = Release|Any CPU
		{321C2F02-C8A9-46AF-944F-90D5DB1A2A58}.Release|Any CPU.Build.0 = Release|Any CPU
	EndGlobalSection
	GlobalSection(SolutionProperties) = preSolution
		HideSolutionNode = FALSE
	EndGlobalSection
	GlobalSection(ExtensibilityGlobals) = postSolution
		SolutionGuid = {84AC5626-77F0-453A-8A66-B231D9BDFEA3}
	EndGlobalSection
EndGlobal
